PODS:
  - Alamofire (5.4.1)
  - AlamofireImage (4.1.0):
    - Alamofire (~> 5.1)
  - Bolts/Tasks (1.9.1)
  - lottie-ios (3.2.2)
  - Parse (1.19.2):
    - Parse/Core (= 1.19.2)
  - Parse/Core (1.19.2):
    - Bolts/Tasks (= 1.9.1)

DEPENDENCIES:
  - AlamofireImage
  - lottie-ios
  - Parse

SPEC REPOS:
  trunk:
    - Alamofire
    - AlamofireImage
    - Bolts
    - lottie-ios
    - Parse

SPEC CHECKSUMS:
  Alamofire: 2291f7d21ca607c491dd17642e5d40fdcda0e65c
  AlamofireImage: c4a2ba349885fb3064feb74d2e547bd42ce9be10
  Bolts: 8c1e8aab2f603387b8b9924f57d1d64f43d3ffdc
  lottie-ios: a033bb989eea77d9f99cc4e2bbdd3788229761ad
  Parse: 081fb8755c3000fd11df817eec235def233d0af3

PODFILE CHECKSUM: bd8d776f2601e5d39a0d88d9018362a90a423fae

COCOAPODS: 1.10.1
