// !$*UTF8*$!
{
	archiveVersion = 1;
	classes = {
	};
	objectVersion = 50;
	objects = {

/* Begin PBXBuildFile section */
		1E08E3DD262A9417004A69AC /* AppDelegate.swift in Sources */ = {isa = PBXBuildFile; fileRef = 1E08E3DC262A9417004A69AC /* AppDelegate.swift */; };
		1E08E3DF262A9417004A69AC /* SceneDelegate.swift in Sources */ = {isa = PBXBuildFile; fileRef = 1E08E3DE262A9417004A69AC /* SceneDelegate.swift */; };
		1E08E3E1262A9417004A69AC /* ViewController.swift in Sources */ = {isa = PBXBuildFile; fileRef = 1E08E3E0262A9417004A69AC /* ViewController.swift */; };
		1E08E3E4262A9417004A69AC /* Main.storyboard in Resources */ = {isa = PBXBuildFile; fileRef = 1E08E3E2262A9417004A69AC /* Main.storyboard */; };
		1E08E3E6262A9418004A69AC /* Assets.xcassets in Resources */ = {isa = PBXBuildFile; fileRef = 1E08E3E5262A9418004A69AC /* Assets.xcassets */; };
		1E08E3E9262A9418004A69AC /* LaunchScreen.storyboard in Resources */ = {isa = PBXBuildFile; fileRef = 1E08E3E7262A9418004A69AC /* LaunchScreen.storyboard */; };
		1E08E3F4262A9419004A69AC /* FitnessAppTests.swift in Sources */ = {isa = PBXBuildFile; fileRef = 1E08E3F3262A9419004A69AC /* FitnessAppTests.swift */; };
		1E08E3FF262A9419004A69AC /* FitnessAppUITests.swift in Sources */ = {isa = PBXBuildFile; fileRef = 1E08E3FE262A9419004A69AC /* FitnessAppUITests.swift */; };
/* End PBXBuildFile section */

/* Begin PBXContainerItemProxy section */
		1E08E3F0262A9419004A69AC /* PBXContainerItemProxy */ = {
			isa = PBXContainerItemProxy;
			containerPortal = 1E08E3D1262A9417004A69AC /* Project object */;
			proxyType = 1;
			remoteGlobalIDString = 1E08E3D8262A9417004A69AC;
			remoteInfo = FitnessApp;
		};
		1E08E3FB262A9419004A69AC /* PBXContainerItemProxy */ = {
			isa = PBXContainerItemProxy;
			containerPortal = 1E08E3D1262A9417004A69AC /* Project object */;
			proxyType = 1;
			remoteGlobalIDString = 1E08E3D8262A9417004A69AC;
			remoteInfo = FitnessApp;
		};
/* End PBXContainerItemProxy section */

/* Begin PBXFileReference section */
		1E08E3D9262A9417004A69AC /* FitnessApp.app */ = {isa = PBXFileReference; explicitFileType = wrapper.application; includeInIndex = 0; path = FitnessApp.app; sourceTree = BUILT_PRODUCTS_DIR; };
		1E08E3DC262A9417004A69AC /* AppDelegate.swift */ = {isa = PBXFileReference; lastKnownFileType = sourcecode.swift; path = AppDelegate.swift; sourceTree = "<group>"; };
		1E08E3DE262A9417004A69AC /* SceneDelegate.swift */ = {isa = PBXFileReference; lastKnownFileType = sourcecode.swift; path = SceneDelegate.swift; sourceTree = "<group>"; };
		1E08E3E0262A9417004A69AC /* ViewController.swift */ = {isa = PBXFileReference; lastKnownFileType = sourcecode.swift; path = ViewController.swift; sourceTree = "<group>"; };
		1E08E3E3262A9417004A69AC /* Base */ = {isa = PBXFileReference; lastKnownFileType = file.storyboard; name = Base; path = Base.lproj/Main.storyboard; sourceTree = "<group>"; };
		1E08E3E5262A9418004A69AC /* Assets.xcassets */ = {isa = PBXFileReference; lastKnownFileType = folder.assetcatalog; path = Assets.xcassets; sourceTree = "<group>"; };
		1E08E3E8262A9418004A69AC /* Base */ = {isa = PBXFileReference; lastKnownFileType = file.storyboard; name = Base; path = Base.lproj/LaunchScreen.storyboard; sourceTree = "<group>"; };
		1E08E3EA262A9418004A69AC /* Info.plist */ = {isa = PBXFileReference; lastKnownFileType = text.plist.xml; path = Info.plist; sourceTree = "<group>"; };
		1E08E3EF262A9419004A69AC /* FitnessAppTests.xctest */ = {isa = PBXFileReference; explicitFileType = wrapper.cfbundle; includeInIndex = 0; path = FitnessAppTests.xctest; sourceTree = BUILT_PRODUCTS_DIR; };
		1E08E3F3262A9419004A69AC /* FitnessAppTests.swift */ = {isa = PBXFileReference; lastKnownFileType = sourcecode.swift; path = FitnessAppTests.swift; sourceTree = "<group>"; };
		1E08E3F5262A9419004A69AC /* Info.plist */ = {isa = PBXFileReference; lastKnownFileType = text.plist.xml; path = Info.plist; sourceTree = "<group>"; };
		1E08E3FA262A9419004A69AC /* FitnessAppUITests.xctest */ = {isa = PBXFileReference; explicitFileType = wrapper.cfbundle; includeInIndex = 0; path = FitnessAppUITests.xctest; sourceTree = BUILT_PRODUCTS_DIR; };
		1E08E3FE262A9419004A69AC /* FitnessAppUITests.swift */ = {isa = PBXFileReference; lastKnownFileType = sourcecode.swift; path = FitnessAppUITests.swift; sourceTree = "<group>"; };
		1E08E400262A9419004A69AC /* Info.plist */ = {isa = PBXFileReference; lastKnownFileType = text.plist.xml; path = Info.plist; sourceTree = "<group>"; };
/* End PBXFileReference section */

/* Begin PBXFrameworksBuildPhase section */
		1E08E3D6262A9417004A69AC /* Frameworks */ = {
			isa = PBXFrameworksBuildPhase;
			buildActionMask = 2147483647;
			files = (
			);
			runOnlyForDeploymentPostprocessing = 0;
		};
		1E08E3EC262A9419004A69AC /* Frameworks */ = {
			isa = PBXFrameworksBuildPhase;
			buildActionMask = 2147483647;
			files = (
			);
			runOnlyForDeploymentPostprocessing = 0;
		};
		1E08E3F7262A9419004A69AC /* Frameworks */ = {
			isa = PBXFrameworksBuildPhase;
			buildActionMask = 2147483647;
			files = (
			);
			runOnlyForDeploymentPostprocessing = 0;
		};
/* End PBXFrameworksBuildPhase section */

/* Begin PBXGroup section */
		1E08E3D0262A9417004A69AC = {
			isa = PBXGroup;
			children = (
				1E08E3DB262A9417004A69AC /* FitnessApp */,
				1E08E3F2262A9419004A69AC /* FitnessAppTests */,
				1E08E3FD262A9419004A69AC /* FitnessAppUITests */,
				1E08E3DA262A9417004A69AC /* Products */,
			);
			sourceTree = "<group>";
		};
		1E08E3DA262A9417004A69AC /* Products */ = {
			isa = PBXGroup;
			children = (
				1E08E3D9262A9417004A69AC /* FitnessApp.app */,
				1E08E3EF262A9419004A69AC /* FitnessAppTests.xctest */,
				1E08E3FA262A9419004A69AC /* FitnessAppUITests.xctest */,
			);
			name = Products;
			sourceTree = "<group>";
		};
		1E08E3DB262A9417004A69AC /* FitnessApp */ = {
			isa = PBXGroup;
			children = (
				1E08E3DC262A9417004A69AC /* AppDelegate.swift */,
				1E08E3DE262A9417004A69AC /* SceneDelegate.swift */,
				1E08E3E0262A9417004A69AC /* ViewController.swift */,
				1E08E3E2262A9417004A69AC /* Main.storyboard */,
				1E08E3E5262A9418004A69AC /* Assets.xcassets */,
				1E08E3E7262A9418004A69AC /* LaunchScreen.storyboard */,
				1E08E3EA262A9418004A69AC /* Info.plist */,
			);
			path = FitnessApp;
			sourceTree = "<group>";
		};
		1E08E3F2262A9419004A69AC /* FitnessAppTests */ = {
			isa = PBXGroup;
			children = (
				1E08E3F3262A9419004A69AC /* FitnessAppTests.swift */,
				1E08E3F5262A9419004A69AC /* Info.plist */,
			);
			path = FitnessAppTests;
			sourceTree = "<group>";
		};
		1E08E3FD262A9419004A69AC /* FitnessAppUITests */ = {
			isa = PBXGroup;
			children = (
				1E08E3FE262A9419004A69AC /* FitnessAppUITests.swift */,
				1E08E400262A9419004A69AC /* Info.plist */,
			);
			path = FitnessAppUITests;
			sourceTree = "<group>";
		};
/* End PBXGroup section */

/* Begin PBXNativeTarget section */
		1E08E3D8262A9417004A69AC /* FitnessApp */ = {
			isa = PBXNativeTarget;
			buildConfigurationList = 1E08E403262A9419004A69AC /* Build configuration list for PBXNativeTarget "FitnessApp" */;
			buildPhases = (
				1E08E3D5262A9417004A69AC /* Sources */,
				1E08E3D6262A9417004A69AC /* Frameworks */,
				1E08E3D7262A9417004A69AC /* Resources */,
			);
			buildRules = (
			);
			dependencies = (
			);
			name = FitnessApp;
			productName = FitnessApp;
			productReference = 1E08E3D9262A9417004A69AC /* FitnessApp.app */;
			productType = "com.apple.product-type.application";
		};
		1E08E3EE262A9419004A69AC /* FitnessAppTests */ = {
			isa = PBXNativeTarget;
			buildConfigurationList = 1E08E406262A9419004A69AC /* Build configuration list for PBXNativeTarget "FitnessAppTests" */;
			buildPhases = (
				1E08E3EB262A9419004A69AC /* Sources */,
				1E08E3EC262A9419004A69AC /* Frameworks */,
				1E08E3ED262A9419004A69AC /* Resources */,
			);
			buildRules = (
			);
			dependencies = (
				1E08E3F1262A9419004A69AC /* PBXTargetDependency */,
			);
			name = FitnessAppTests;
			productName = FitnessAppTests;
			productReference = 1E08E3EF262A9419004A69AC /* FitnessAppTests.xctest */;
			productType = "com.apple.product-type.bundle.unit-test";
		};
		1E08E3F9262A9419004A69AC /* FitnessAppUITests */ = {
			isa = PBXNativeTarget;
			buildConfigurationList = 1E08E409262A9419004A69AC /* Build configuration list for PBXNativeTarget "FitnessAppUITests" */;
			buildPhases = (
				1E08E3F6262A9419004A69AC /* Sources */,
				1E08E3F7262A9419004A69AC /* Frameworks */,
				1E08E3F8262A9419004A69AC /* Resources */,
			);
			buildRules = (
			);
			dependencies = (
				1E08E3FC262A9419004A69AC /* PBXTargetDependency */,
			);
			name = FitnessAppUITests;
			productName = FitnessAppUITests;
			productReference = 1E08E3FA262A9419004A69AC /* FitnessAppUITests.xctest */;
			productType = "com.apple.product-type.bundle.ui-testing";
		};
/* End PBXNativeTarget section */

/* Begin PBXProject section */
		1E08E3D1262A9417004A69AC /* Project object */ = {
			isa = PBXProject;
			attributes = {
				LastSwiftUpdateCheck = 1240;
				LastUpgradeCheck = 1240;
				TargetAttributes = {
					1E08E3D8262A9417004A69AC = {
						CreatedOnToolsVersion = 12.4;
					};
					1E08E3EE262A9419004A69AC = {
						CreatedOnToolsVersion = 12.4;
						TestTargetID = 1E08E3D8262A9417004A69AC;
					};
					1E08E3F9262A9419004A69AC = {
						CreatedOnToolsVersion = 12.4;
						TestTargetID = 1E08E3D8262A9417004A69AC;
					};
				};
			};
			buildConfigurationList = 1E08E3D4262A9417004A69AC /* Build configuration list for PBXProject "FitnessApp" */;
			compatibilityVersion = "Xcode 9.3";
			developmentRegion = en;
			hasScannedForEncodings = 0;
			knownRegions = (
				en,
				Base,
			);
			mainGroup = 1E08E3D0262A9417004A69AC;
			productRefGroup = 1E08E3DA262A9417004A69AC /* Products */;
			projectDirPath = "";
			projectRoot = "";
			targets = (
				1E08E3D8262A9417004A69AC /* FitnessApp */,
				1E08E3EE262A9419004A69AC /* FitnessAppTests */,
				1E08E3F9262A9419004A69AC /* FitnessAppUITests */,
			);
		};
/* End PBXProject section */

/* Begin PBXResourcesBuildPhase section */
		1E08E3D7262A9417004A69AC /* Resources */ = {
			isa = PBXResourcesBuildPhase;
			buildActionMask = 2147483647;
			files = (
				1E08E3E9262A9418004A69AC /* LaunchScreen.storyboard in Resources */,
				1E08E3E6262A9418004A69AC /* Assets.xcassets in Resources */,
				1E08E3E4262A9417004A69AC /* Main.storyboard in Resources */,
			);
			runOnlyForDeploymentPostprocessing = 0;
		};
		1E08E3ED262A9419004A69AC /* Resources */ = {
			isa = PBXResourcesBuildPhase;
			buildActionMask = 2147483647;
			files = (
			);
			runOnlyForDeploymentPostprocessing = 0;
		};
		1E08E3F8262A9419004A69AC /* Resources */ = {
			isa = PBXResourcesBuildPhase;
			buildActionMask = 2147483647;
			files = (
			);
			runOnlyForDeploymentPostprocessing = 0;
		};
/* End PBXResourcesBuildPhase section */

/* Begin PBXSourcesBuildPhase section */
		1E08E3D5262A9417004A69AC /* Sources */ = {
			isa = PBXSourcesBuildPhase;
			buildActionMask = 2147483647;
			files = (
				1E08E3E1262A9417004A69AC /* ViewController.swift in Sources */,
				1E08E3DD262A9417004A69AC /* AppDelegate.swift in Sources */,
				1E08E3DF262A9417004A69AC /* SceneDelegate.swift in Sources */,
			);
			runOnlyForDeploymentPostprocessing = 0;
		};
		1E08E3EB262A9419004A69AC /* Sources */ = {
			isa = PBXSourcesBuildPhase;
			buildActionMask = 2147483647;
			files = (
				1E08E3F4262A9419004A69AC /* FitnessAppTests.swift in Sources */,
			);
			runOnlyForDeploymentPostprocessing = 0;
		};
		1E08E3F6262A9419004A69AC /* Sources */ = {
			isa = PBXSourcesBuildPhase;
			buildActionMask = 2147483647;
			files = (
				1E08E3FF262A9419004A69AC /* FitnessAppUITests.swift in Sources */,
			);
			runOnlyForDeploymentPostprocessing = 0;
		};
/* End PBXSourcesBuildPhase section */

/* Begin PBXTargetDependency section */
		1E08E3F1262A9419004A69AC /* PBXTargetDependency */ = {
			isa = PBXTargetDependency;
			target = 1E08E3D8262A9417004A69AC /* FitnessApp */;
			targetProxy = 1E08E3F0262A9419004A69AC /* PBXContainerItemProxy */;
		};
		1E08E3FC262A9419004A69AC /* PBXTargetDependency */ = {
			isa = PBXTargetDependency;
			target = 1E08E3D8262A9417004A69AC /* FitnessApp */;
			targetProxy = 1E08E3FB262A9419004A69AC /* PBXContainerItemProxy */;
		};
/* End PBXTargetDependency section */

/* Begin PBXVariantGroup section */
		1E08E3E2262A9417004A69AC /* Main.storyboard */ = {
			isa = PBXVariantGroup;
			children = (
				1E08E3E3262A9417004A69AC /* Base */,
			);
			name = Main.storyboard;
			sourceTree = "<group>";
		};
		1E08E3E7262A9418004A69AC /* LaunchScreen.storyboard */ = {
			isa = PBXVariantGroup;
			children = (
				1E08E3E8262A9418004A69AC /* Base */,
			);
			name = LaunchScreen.storyboard;
			sourceTree = "<group>";
		};
/* End PBXVariantGroup section */

/* Begin XCBuildConfiguration section */
		1E08E401262A9419004A69AC /* Debug */ = {
			isa = XCBuildConfiguration;
			buildSettings = {
				ALWAYS_SEARCH_USER_PATHS = NO;
				CLANG_ANALYZER_NONNULL = YES;
				CLANG_ANALYZER_NUMBER_OBJECT_CONVERSION = YES_AGGRESSIVE;
				CLANG_CXX_LANGUAGE_STANDARD = "gnu++14";
				CLANG_CXX_LIBRARY = "libc++";
				CLANG_ENABLE_MODULES = YES;
				CLANG_ENABLE_OBJC_ARC = YES;
				CLANG_ENABLE_OBJC_WEAK = YES;
				CLANG_WARN_BLOCK_CAPTURE_AUTORELEASING = YES;
				CLANG_WARN_BOOL_CONVERSION = YES;
				CLANG_WARN_COMMA = YES;
				CLANG_WARN_CONSTANT_CONVERSION = YES;
				CLANG_WARN_DEPRECATED_OBJC_IMPLEMENTATIONS = YES;
				CLANG_WARN_DIRECT_OBJC_ISA_USAGE = YES_ERROR;
				CLANG_WARN_DOCUMENTATION_COMMENTS = YES;
				CLANG_WARN_EMPTY_BODY = YES;
				CLANG_WARN_ENUM_CONVERSION = YES;
				CLANG_WARN_INFINITE_RECURSION = YES;
				CLANG_WARN_INT_CONVERSION = YES;
				CLANG_WARN_NON_LITERAL_NULL_CONVERSION = YES;
				CLANG_WARN_OBJC_IMPLICIT_RETAIN_SELF = YES;
				CLANG_WARN_OBJC_LITERAL_CONVERSION = YES;
				CLANG_WARN_OBJC_ROOT_CLASS = YES_ERROR;
				CLANG_WARN_QUOTED_INCLUDE_IN_FRAMEWORK_HEADER = YES;
				CLANG_WARN_RANGE_LOOP_ANALYSIS = YES;
				CLANG_WARN_STRICT_PROTOTYPES = YES;
				CLANG_WARN_SUSPICIOUS_MOVE = YES;
				CLANG_WARN_UNGUARDED_AVAILABILITY = YES_AGGRESSIVE;
				CLANG_WARN_UNREACHABLE_CODE = YES;
				CLANG_WARN__DUPLICATE_METHOD_MATCH = YES;
				COPY_PHASE_STRIP = NO;
				DEBUG_INFORMATION_FORMAT = dwarf;
				ENABLE_STRICT_OBJC_MSGSEND = YES;
				ENABLE_TESTABILITY = YES;
				GCC_C_LANGUAGE_STANDARD = gnu11;
				GCC_DYNAMIC_NO_PIC = NO;
				GCC_NO_COMMON_BLOCKS = YES;
				GCC_OPTIMIZATION_LEVEL = 0;
				GCC_PREPROCESSOR_DEFINITIONS = (
					"DEBUG=1",
					"$(inherited)",
				);
				GCC_WARN_64_TO_32_BIT_CONVERSION = YES;
				GCC_WARN_ABOUT_RETURN_TYPE = YES_ERROR;
				GCC_WARN_UNDECLARED_SELECTOR = YES;
				GCC_WARN_UNINITIALIZED_AUTOS = YES_AGGRESSIVE;
				GCC_WARN_UNUSED_FUNCTION = YES;
				GCC_WARN_UNUSED_VARIABLE = YES;
				IPHONEOS_DEPLOYMENT_TARGET = 14.4;
				MTL_ENABLE_DEBUG_INFO = INCLUDE_SOURCE;
				MTL_FAST_MATH = YES;
				ONLY_ACTIVE_ARCH = YES;
				SDKROOT = iphoneos;
				SWIFT_ACTIVE_COMPILATION_CONDITIONS = DEBUG;
				SWIFT_OPTIMIZATION_LEVEL = "-Onone";
			};
			name = Debug;
		};
		1E08E402262A9419004A69AC /* Release */ = {
			isa = XCBuildConfiguration;
			buildSettings = {
				ALWAYS_SEARCH_USER_PATHS = NO;
				CLANG_ANALYZER_NONNULL = YES;
				CLANG_ANALYZER_NUMBER_OBJECT_CONVERSION = YES_AGGRESSIVE;
				CLANG_CXX_LANGUAGE_STANDARD = "gnu++14";
				CLANG_CXX_LIBRARY = "libc++";
				CLANG_ENABLE_MODULES = YES;
				CLANG_ENABLE_OBJC_ARC = YES;
				CLANG_ENABLE_OBJC_WEAK = YES;
				CLANG_WARN_BLOCK_CAPTURE_AUTORELEASING = YES;
				CLANG_WARN_BOOL_CONVERSION = YES;
				CLANG_WARN_COMMA = YES;
				CLANG_WARN_CONSTANT_CONVERSION = YES;
				CLANG_WARN_DEPRECATED_OBJC_IMPLEMENTATIONS = YES;
				CLANG_WARN_DIRECT_OBJC_ISA_USAGE = YES_ERROR;
				CLANG_WARN_DOCUMENTATION_COMMENTS = YES;
				CLANG_WARN_EMPTY_BODY = YES;
				CLANG_WARN_ENUM_CONVERSION = YES;
				CLANG_WARN_INFINITE_RECURSION = YES;
				CLANG_WARN_INT_CONVERSION = YES;
				CLANG_WARN_NON_LITERAL_NULL_CONVERSION = YES;
				CLANG_WARN_OBJC_IMPLICIT_RETAIN_SELF = YES;
				CLANG_WARN_OBJC_LITERAL_CONVERSION = YES;
				CLANG_WARN_OBJC_ROOT_CLASS = YES_ERROR;
				CLANG_WARN_QUOTED_INCLUDE_IN_FRAMEWORK_HEADER = YES;
				CLANG_WARN_RANGE_LOOP_ANALYSIS = YES;
				CLANG_WARN_STRICT_PROTOTYPES = YES;
				CLANG_WARN_SUSPICIOUS_MOVE = YES;
				CLANG_WARN_UNGUARDED_AVAILABILITY = YES_AGGRESSIVE;
				CLANG_WARN_UNREACHABLE_CODE = YES;
				CLANG_WARN__DUPLICATE_METHOD_MATCH = YES;
				COPY_PHASE_STRIP = NO;
				DEBUG_INFORMATION_FORMAT = "dwarf-with-dsym";
				ENABLE_NS_ASSERTIONS = NO;
				ENABLE_STRICT_OBJC_MSGSEND = YES;
				GCC_C_LANGUAGE_STANDARD = gnu11;
				GCC_NO_COMMON_BLOCKS = YES;
				GCC_WARN_64_TO_32_BIT_CONVERSION = YES;
				GCC_WARN_ABOUT_RETURN_TYPE = YES_ERROR;
				GCC_WARN_UNDECLARED_SELECTOR = YES;
				GCC_WARN_UNINITIALIZED_AUTOS = YES_AGGRESSIVE;
				GCC_WARN_UNUSED_FUNCTION = YES;
				GCC_WARN_UNUSED_VARIABLE = YES;
				IPHONEOS_DEPLOYMENT_TARGET = 14.4;
				MTL_ENABLE_DEBUG_INFO = NO;
				MTL_FAST_MATH = YES;
				SDKROOT = iphoneos;
				SWIFT_COMPILATION_MODE = wholemodule;
				SWIFT_OPTIMIZATION_LEVEL = "-O";
				VALIDATE_PRODUCT = YES;
			};
			name = Release;
		};
		1E08E404262A9419004A69AC /* Debug */ = {
			isa = XCBuildConfiguration;
			buildSettings = {
				ASSETCATALOG_COMPILER_APPICON_NAME = AppIcon;
				ASSETCATALOG_COMPILER_GLOBAL_ACCENT_COLOR_NAME = AccentColor;
				CODE_SIGN_STYLE = Automatic;
				DEVELOPMENT_TEAM = DHF6JWH35G;
				INFOPLIST_FILE = FitnessApp/Info.plist;
				LD_RUNPATH_SEARCH_PATHS = (
					"$(inherited)",
					"@executable_path/Frameworks",
				);
				PRODUCT_BUNDLE_IDENTIFIER = monjurrefat.FitnessApp;
				PRODUCT_NAME = "$(TARGET_NAME)";
				SWIFT_VERSION = 5.0;
				TARGETED_DEVICE_FAMILY = "1,2";
			};
			name = Debug;
		};
		1E08E405262A9419004A69AC /* Release */ = {
			isa = XCBuildConfiguration;
			buildSettings = {
				ASSETCATALOG_COMPILER_APPICON_NAME = AppIcon;
				ASSETCATALOG_COMPILER_GLOBAL_ACCENT_COLOR_NAME = AccentColor;
				CODE_SIGN_STYLE = Automatic;
				DEVELOPMENT_TEAM = DHF6JWH35G;
				INFOPLIST_FILE = FitnessApp/Info.plist;
				LD_RUNPATH_SEARCH_PATHS = (
					"$(inherited)",
					"@executable_path/Frameworks",
				);
				PRODUCT_BUNDLE_IDENTIFIER = monjurrefat.FitnessApp;
				PRODUCT_NAME = "$(TARGET_NAME)";
				SWIFT_VERSION = 5.0;
				TARGETED_DEVICE_FAMILY = "1,2";
			};
			name = Release;
		};
		1E08E407262A9419004A69AC /* Debug */ = {
			isa = XCBuildConfiguration;
			buildSettings = {
				ALWAYS_EMBED_SWIFT_STANDARD_LIBRARIES = YES;
				BUNDLE_LOADER = "$(TEST_HOST)";
				CODE_SIGN_STYLE = Automatic;
				DEVELOPMENT_TEAM = DHF6JWH35G;
				INFOPLIST_FILE = FitnessAppTests/Info.plist;
				IPHONEOS_DEPLOYMENT_TARGET = 14.4;
				LD_RUNPATH_SEARCH_PATHS = (
					"$(inherited)",
					"@executable_path/Frameworks",
					"@loader_path/Frameworks",
				);
				PRODUCT_BUNDLE_IDENTIFIER = monjurrefat.FitnessAppTests;
				PRODUCT_NAME = "$(TARGET_NAME)";
				SWIFT_VERSION = 5.0;
				TARGETED_DEVICE_FAMILY = "1,2";
				TEST_HOST = "$(BUILT_PRODUCTS_DIR)/FitnessApp.app/FitnessApp";
			};
			name = Debug;
		};
		1E08E408262A9419004A69AC /* Release */ = {
			isa = XCBuildConfiguration;
			buildSettings = {
				ALWAYS_EMBED_SWIFT_STANDARD_LIBRARIES = YES;
				BUNDLE_LOADER = "$(TEST_HOST)";
				CODE_SIGN_STYLE = Automatic;
				DEVELOPMENT_TEAM = DHF6JWH35G;
				INFOPLIST_FILE = FitnessAppTests/Info.plist;
				IPHONEOS_DEPLOYMENT_TARGET = 14.4;
				LD_RUNPATH_SEARCH_PATHS = (
					"$(inherited)",
					"@executable_path/Frameworks",
					"@loader_path/Frameworks",
				);
				PRODUCT_BUNDLE_IDENTIFIER = monjurrefat.FitnessAppTests;
				PRODUCT_NAME = "$(TARGET_NAME)";
				SWIFT_VERSION = 5.0;
				TARGETED_DEVICE_FAMILY = "1,2";
				TEST_HOST = "$(BUILT_PRODUCTS_DIR)/FitnessApp.app/FitnessApp";
			};
			name = Release;
		};
		1E08E40A262A9419004A69AC /* Debug */ = {
			isa = XCBuildConfiguration;
			buildSettings = {
				ALWAYS_EMBED_SWIFT_STANDARD_LIBRARIES = YES;
				CODE_SIGN_STYLE = Automatic;
				DEVELOPMENT_TEAM = DHF6JWH35G;
				INFOPLIST_FILE = FitnessAppUITests/Info.plist;
				LD_RUNPATH_SEARCH_PATHS = (
					"$(inherited)",
					"@executable_path/Frameworks",
					"@loader_path/Frameworks",
				);
				PRODUCT_BUNDLE_IDENTIFIER = monjurrefat.FitnessAppUITests;
				PRODUCT_NAME = "$(TARGET_NAME)";
				SWIFT_VERSION = 5.0;
				TARGETED_DEVICE_FAMILY = "1,2";
				TEST_TARGET_NAME = FitnessApp;
			};
			name = Debug;
		};
		1E08E40B262A9419004A69AC /* Release */ = {
			isa = XCBuildConfiguration;
			buildSettings = {
				ALWAYS_EMBED_SWIFT_STANDARD_LIBRARIES = YES;
				CODE_SIGN_STYLE = Automatic;
				DEVELOPMENT_TEAM = DHF6JWH35G;
				INFOPLIST_FILE = FitnessAppUITests/Info.plist;
				LD_RUNPATH_SEARCH_PATHS = (
					"$(inherited)",
					"@executable_path/Frameworks",
					"@loader_path/Frameworks",
				);
				PRODUCT_BUNDLE_IDENTIFIER = monjurrefat.FitnessAppUITests;
				PRODUCT_NAME = "$(TARGET_NAME)";
				SWIFT_VERSION = 5.0;
				TARGETED_DEVICE_FAMILY = "1,2";
				TEST_TARGET_NAME = FitnessApp;
			};
			name = Release;
		};
/* End XCBuildConfiguration section */

/* Begin XCConfigurationList section */
		1E08E3D4262A9417004A69AC /* Build configuration list for PBXProject "FitnessApp" */ = {
			isa = XCConfigurationList;
			buildConfigurations = (
				1E08E401262A9419004A69AC /* Debug */,
				1E08E402262A9419004A69AC /* Release */,
			);
			defaultConfigurationIsVisible = 0;
			defaultConfigurationName = Release;
		};
		1E08E403262A9419004A69AC /* Build configuration list for PBXNativeTarget "FitnessApp" */ = {
			isa = XCConfigurationList;
			buildConfigurations = (
				1E08E404262A9419004A69AC /* Debug */,
				1E08E405262A9419004A69AC /* Release */,
			);
			defaultConfigurationIsVisible = 0;
			defaultConfigurationName = Release;
		};
		1E08E406262A9419004A69AC /* Build configuration list for PBXNativeTarget "FitnessAppTests" */ = {
			isa = XCConfigurationList;
			buildConfigurations = (
				1E08E407262A9419004A69AC /* Debug */,
				1E08E408262A9419004A69AC /* Release */,
			);
			defaultConfigurationIsVisible = 0;
			defaultConfigurationName = Release;
		};
		1E08E409262A9419004A69AC /* Build configuration list for PBXNativeTarget "FitnessAppUITests" */ = {
			isa = XCConfigurationList;
			buildConfigurations = (
				1E08E40A262A9419004A69AC /* Debug */,
				1E08E40B262A9419004A69AC /* Release */,
			);
			defaultConfigurationIsVisible = 0;
			defaultConfigurationName = Release;
		};
/* End XCConfigurationList section */
	};
	rootObject = 1E08E3D1262A9417004A69AC /* Project object */;
}
